
Microsoft Visual Studio Solution File, Format Version 12.00
# Visual Studio Version 17
VisualStudioVersion = 17.3.32825.248
MinimumVisualStudioVersion = 10.0.40219.1
Project("{9A19103F-16F7-4668-BE54-9A1E7A4F7556}") = "NPOI.WordTemplateMapper", "NPOI.WordTemplateMapper\NPOI.WordTemplateMapper.csproj", "{0962A894-9267-43BD-B388-6B608A65C944}"
EndProject
Project("{9A19103F-16F7-4668-BE54-9A1E7A4F7556}") = "NPOI.WordTemplateMapper.DemoApp", "NPOI.WordTemplateMapper.DemoApp\NPOI.WordTemplateMapper.DemoApp.csproj", "{E2FF5719-625D-4711-8DC6-3AC95EE4E970}"
EndProject
Project("{9A19103F-16F7-4668-BE54-9A1E7A4F7556}") = "NPOI.WordTemplateMapper.Tests", "NPOI.WordTemplateMapper.Tests\NPOI.WordTemplateMapper.Tests.csproj", "{26E0F71B-38F2-4225-A0C7-C3340E11C844}"
EndProject
Project("{2150E333-8FDC-42A3-9474-1A3956D46DE8}") = "Core", "Core", "{8774F4C6-EA92-46AF-A633-CD64B5617686}"
EndProject
Project("{2150E333-8FDC-42A3-9474-1A3956D46DE8}") = "Tests", "Tests", "{4276BA48-9EC2-42C1-8B6B-23C647706A72}"
EndProject
Project("{9A19103F-16F7-4668-BE54-9A1E7A4F7556}") = "NPOI.WordTemplateMapper.Benchmark", "NPOI.WordTemplateMapper.Benchmark\NPOI.WordTemplateMapper.Benchmark.csproj", "{74C420B7-FCF1-4D85-A9AC-24531899D2BD}"
EndProject
Project("{9A19103F-16F7-4668-BE54-9A1E7A4F7556}") = "NPOI.WordTemplateMapper.Interfaces", "NPOI.WordTemplateMapper.Interfaces\NPOI.WordTemplateMapper.Interfaces.csproj", "{09514DE4-467B-4319-8761-4CCFFF596275}"
EndProject
Global
	GlobalSection(SolutionConfigurationPlatforms) = preSolution
		Debug|Any CPU = Debug|Any CPU
		Release|Any CPU = Release|Any CPU
	EndGlobalSection
	GlobalSection(ProjectConfigurationPlatforms) = postSolution
		{0962A894-9267-43BD-B388-6B608A65C944}.Debug|Any CPU.ActiveCfg = Debug|Any CPU
		{0962A894-9267-43BD-B388-6B608A65C944}.Debug|Any CPU.Build.0 = Debug|Any CPU
		{0962A894-9267-43BD-B388-6B608A65C944}.Release|Any CPU.ActiveCfg = Release|Any CPU
		{0962A894-9267-43BD-B388-6B608A65C944}.Release|Any CPU.Build.0 = Release|Any CPU
		{E2FF5719-625D-4711-8DC6-3AC95EE4E970}.Debug|Any CPU.ActiveCfg = Debug|Any CPU
		{E2FF5719-625D-4711-8DC6-3AC95EE4E970}.Debug|Any CPU.Build.0 = Debug|Any CPU
		{E2FF5719-625D-4711-8DC6-3AC95EE4E970}.Release|Any CPU.ActiveCfg = Release|Any CPU
		{E2FF5719-625D-4711-8DC6-3AC95EE4E970}.Release|Any CPU.Build.0 = Release|Any CPU
		{26E0F71B-38F2-4225-A0C7-C3340E11C844}.Debug|Any CPU.ActiveCfg = Debug|Any CPU
		{26E0F71B-38F2-4225-A0C7-C3340E11C844}.Debug|Any CPU.Build.0 = Debug|Any CPU
		{26E0F71B-38F2-4225-A0C7-C3340E11C844}.Release|Any CPU.ActiveCfg = Release|Any CPU
		{26E0F71B-38F2-4225-A0C7-C3340E11C844}.Release|Any CPU.Build.0 = Release|Any CPU
		{74C420B7-FCF1-4D85-A9AC-24531899D2BD}.Debug|Any CPU.ActiveCfg = Debug|Any CPU
		{74C420B7-FCF1-4D85-A9AC-24531899D2BD}.Debug|Any CPU.Build.0 = Debug|Any CPU
		{74C420B7-FCF1-4D85-A9AC-24531899D2BD}.Release|Any CPU.ActiveCfg = Release|Any CPU
		{74C420B7-FCF1-4D85-A9AC-24531899D2BD}.Release|Any CPU.Build.0 = Release|Any CPU
		{09514DE4-467B-4319-8761-4CCFFF596275}.Debug|Any CPU.ActiveCfg = Debug|Any CPU
		{09514DE4-467B-4319-8761-4CCFFF596275}.Debug|Any CPU.Build.0 = Debug|Any CPU
		{09514DE4-467B-4319-8761-4CCFFF596275}.Release|Any CPU.ActiveCfg = Release|Any CPU
		{09514DE4-467B-4319-8761-4CCFFF596275}.Release|Any CPU.Build.0 = Release|Any CPU
	EndGlobalSection
	GlobalSection(SolutionProperties) = preSolution
		HideSolutionNode = FALSE
	EndGlobalSection
	GlobalSection(NestedProjects) = preSolution
		{0962A894-9267-43BD-B388-6B608A65C944} = {8774F4C6-EA92-46AF-A633-CD64B5617686}
		{E2FF5719-625D-4711-8DC6-3AC95EE4E970} = {4276BA48-9EC2-42C1-8B6B-23C647706A72}
		{26E0F71B-38F2-4225-A0C7-C3340E11C844} = {4276BA48-9EC2-42C1-8B6B-23C647706A72}
		{74C420B7-FCF1-4D85-A9AC-24531899D2BD} = {4276BA48-9EC2-42C1-8B6B-23C647706A72}
		{09514DE4-467B-4319-8761-4CCFFF596275} = {8774F4C6-EA92-46AF-A633-CD64B5617686}
	EndGlobalSection
	GlobalSection(ExtensibilityGlobals) = postSolution
		SolutionGuid = {44AEBCE0-DD62-47FE-A1D9-8E897AA6CD0B}
	EndGlobalSection
EndGlobal
