
Microsoft Visual Studio Solution File, Format Version 12.00
# Visual Studio Version 17
VisualStudioVersion = 17.3.32825.248
MinimumVisualStudioVersion = 10.0.40219.1
Project("{FAE04EC0-301F-11D3-BF4B-00C04F79EFBC}") = "NPOI.WordTemplateMapper", "NPOI.WordTemplateMapper\NPOI.WordTemplateMapper.csproj", "{0962A894-9267-43BD-B388-6B608A65C944}"
EndProject
Project("{FAE04EC0-301F-11D3-BF4B-00C04F79EFBC}") = "TestApp", "TestApp\TestApp.csproj", "{E2FF5719-625D-4711-8DC6-3AC95EE4E970}"
EndProject
Global
	GlobalSection(SolutionConfigurationPlatforms) = preSolution
		Debug|Any CPU = Debug|Any CPU
		Release|Any CPU = Release|Any CPU
	EndGlobalSection
	GlobalSection(ProjectConfigurationPlatforms) = postSolution
		{0962A894-9267-43BD-B388-6B608A65C944}.Debug|Any CPU.ActiveCfg = Debug|Any CPU
		{0962A894-9267-43BD-B388-6B608A65C944}.Debug|Any CPU.Build.0 = Debug|Any CPU
		{0962A894-9267-43BD-B388-6B608A65C944}.Release|Any CPU.ActiveCfg = Release|Any CPU
		{0962A894-9267-43BD-B388-6B608A65C944}.Release|Any CPU.Build.0 = Release|Any CPU
		{E2FF5719-625D-4711-8DC6-3AC95EE4E970}.Debug|Any CPU.ActiveCfg = Debug|Any CPU
		{E2FF5719-625D-4711-8DC6-3AC95EE4E970}.Debug|Any CPU.Build.0 = Debug|Any CPU
		{E2FF5719-625D-4711-8DC6-3AC95EE4E970}.Release|Any CPU.ActiveCfg = Release|Any CPU
		{E2FF5719-625D-4711-8DC6-3AC95EE4E970}.Release|Any CPU.Build.0 = Release|Any CPU
	EndGlobalSection
	GlobalSection(SolutionProperties) = preSolution
		HideSolutionNode = FALSE
	EndGlobalSection
	GlobalSection(ExtensibilityGlobals) = postSolution
		SolutionGuid = {44AEBCE0-DD62-47FE-A1D9-8E897AA6CD0B}
	EndGlobalSection
EndGlobal
